
Microsoft Visual Studio Solution File, Format Version 12.00
# Visual Studio 15
VisualStudioVersion = 15.0.27130.0
MinimumVisualStudioVersion = 10.0.40219.1
Project("{FAE04EC0-301F-11D3-BF4B-00C04F79EFBC}") = "Test", "Test\Test.csproj", "{6A51E270-E5D2-4F5A-AFCA-55DC8D89DF94}"
EndProject
Global
	GlobalSection(SolutionConfigurationPlatforms) = preSolution
		Debug|Any CPU = Debug|Any CPU
		Release|Any CPU = Release|Any CPU
	EndGlobalSection
	GlobalSection(ProjectConfigurationPlatforms) = postSolution
		{6A51E270-E5D2-4F5A-AFCA-55DC8D89DF94}.Debug|Any CPU.ActiveCfg = Debug|Any CPU
		{6A51E270-E5D2-4F5A-AFCA-55DC8D89DF94}.Debug|Any CPU.Build.0 = Debug|Any CPU
		{6A51E270-E5D2-4F5A-AFCA-55DC8D89DF94}.Release|Any CPU.ActiveCfg = Release|Any CPU
		{6A51E270-E5D2-4F5A-AFCA-55DC8D89DF94}.Release|Any CPU.Build.0 = Release|Any CPU
	EndGlobalSection
	GlobalSection(SolutionProperties) = preSolution
		HideSolutionNode = FALSE
	EndGlobalSection
	GlobalSection(ExtensibilityGlobals) = postSolution
		SolutionGuid = {CB7934E0-4E40-4919-8F98-BE893120C6FB}
	EndGlobalSection
EndGlobal
